
Microsoft Visual Studio Solution File, Format Version 12.00
# Visual Studio Version 16
VisualStudioVersion = 16.0.30804.86
MinimumVisualStudioVersion = 10.0.40219.1
Project("{8BC9CEB8-8B4A-11D0-8D11-00A0C91BC942}") = "Sandbox", "Sandbox\Sandbox.vcxproj", "{32EF5311-EE9B-486F-821D-670F0EB83C59}"
EndProject
Project("{8BC9CEB8-8B4A-11D0-8D11-00A0C91BC942}") = "ModernEngine", "ModernEngine\ModernEngine.vcxproj", "{8CB2D8B7-F5AC-4119-98D7-1D4C493A233C}"
EndProject
Global
	GlobalSection(SolutionConfigurationPlatforms) = preSolution
		Debug|x64 = Debug|x64
		Release|x64 = Release|x64
	EndGlobalSection
	GlobalSection(ProjectConfigurationPlatforms) = postSolution
		{8CB2D8B7-F5AC-4119-98D7-1D4C493A233C}.Debug|x64.ActiveCfg = Debug|x64
		{8CB2D8B7-F5AC-4119-98D7-1D4C493A233C}.Debug|x64.Build.0 = Debug|x64
		{8CB2D8B7-F5AC-4119-98D7-1D4C493A233C}.Release|x64.ActiveCfg = Release|x64
		{8CB2D8B7-F5AC-4119-98D7-1D4C493A233C}.Release|x64.Build.0 = Release|x64
		{32EF5311-EE9B-486F-821D-670F0EB83C59}.Debug|x64.ActiveCfg = Debug|x64
		{32EF5311-EE9B-486F-821D-670F0EB83C59}.Debug|x64.Build.0 = Debug|x64
		{32EF5311-EE9B-486F-821D-670F0EB83C59}.Release|x64.ActiveCfg = Release|x64
		{32EF5311-EE9B-486F-821D-670F0EB83C59}.Release|x64.Build.0 = Release|x64
	EndGlobalSection
	GlobalSection(SolutionProperties) = preSolution
		HideSolutionNode = FALSE
	EndGlobalSection
	GlobalSection(ExtensibilityGlobals) = postSolution
		SolutionGuid = {CDE4C693-2538-4C11-BD22-056E8FF654FD}
	EndGlobalSection
EndGlobal
