<?xml version="1.0" encoding="utf-8"?>
<Project ToolsVersion="4.0" xmlns="http://schemas.microsoft.com/developer/msbuild/2003">
  <ItemGroup>
    <Filter Include="ModernEngine">
      <UniqueIdentifier>{60620D60-4CC5-9C04-F54A-D5BAE18C6887}</UniqueIdentifier>
    </Filter>
    <Filter Include="ModernEngine\Events">
      <UniqueIdentifier>{44A210C7-B003-EED4-3971-3487A5D12494}</UniqueIdentifier>
    </Filter>
  </ItemGroup>
  <ItemGroup>
    <ClInclude Include="src\ModernEngine.h" />
    <ClInclude Include="src\ModernEngine\Application.h">
      <Filter>ModernEngine</Filter>
    </ClInclude>
    <ClInclude Include="src\ModernEngine\Core.h">
      <Filter>ModernEngine</Filter>
    </ClInclude>
    <ClInclude Include="src\ModernEngine\EntryPoint.h">
      <Filter>ModernEngine</Filter>
    </ClInclude>
    <ClInclude Include="src\ModernEngine\Events\ApplicationEvent.h">
      <Filter>ModernEngine\Events</Filter>
    </ClInclude>
    <ClInclude Include="src\ModernEngine\Events\Event.h">
      <Filter>ModernEngine\Events</Filter>
    </ClInclude>
    <ClInclude Include="src\ModernEngine\Events\KeyEvent.h">
      <Filter>ModernEngine\Events</Filter>
    </ClInclude>
    <ClInclude Include="src\ModernEngine\Events\MouseEvent.h">
      <Filter>ModernEngine\Events</Filter>
    </ClInclude>
    <ClInclude Include="src\ModernEngine\Log.h">
      <Filter>ModernEngine</Filter>
    </ClInclude>
    <ClInclude Include="src\mnpch.h" />
    <ClInclude Include="src\ModernEngine\Window.h" />
    <ClInclude Include="src\Platform\Windows\WindowsWindow.h" />
  </ItemGroup>
  <ItemGroup>
    <ClCompile Include="src\ModernEngine\Application.cpp">
      <Filter>ModernEngine</Filter>
    </ClCompile>
    <ClCompile Include="src\ModernEngine\Log.cpp">
      <Filter>ModernEngine</Filter>
    </ClCompile>
    <ClCompile Include="src\mnpch.cpp" />
    <ClCompile Include="src\Platform\Windows\WindowsWindow.cpp" />
  </ItemGroup>
</Project>